
Microsoft Visual Studio Solution File, Format Version 12.00
# Visual Studio 15
VisualStudioVersion = 15.0.26430.13
MinimumVisualStudioVersion = 10.0.40219.1
Project("{FAE04EC0-301F-11D3-BF4B-00C04F79EFBC}") = "EntregaTareas.COMMON", "EntregaTareas.COMMON\EntregaTareas.COMMON.csproj", "{C441CEA6-4C1C-44AC-9A4F-A85F33A644E0}"
EndProject
Project("{FAE04EC0-301F-11D3-BF4B-00C04F79EFBC}") = "EntregaTareas.DAL.Azure", "EntregaTareas.DAL.Azure\EntregaTareas.DAL.Azure.csproj", "{F3A77175-E0B9-4820-8322-EDEF06174089}"
EndProject
Project("{FAE04EC0-301F-11D3-BF4B-00C04F79EFBC}") = "EntregaTareas.BIZ", "EntregaTareas.BIZ\EntregaTareas.BIZ.csproj", "{4F1820C7-4136-4B2E-9286-DEDD5099801F}"
EndProject
Project("{2150E333-8FDC-42A3-9474-1A3956D46DE8}") = "Portables", "Portables", "{3DBC9D89-F73C-46AB-963E-2F1FBCEA0DFC}"
EndProject
Project("{FAE04EC0-301F-11D3-BF4B-00C04F79EFBC}") = "EntregaTareas.Portable.COMMON", "EntregaTareas.Portable.COMMON\EntregaTareas.Portable.COMMON.csproj", "{74D9269C-0641-4E29-87F4-F1DCCFC8C1DA}"
EndProject
Project("{2150E333-8FDC-42A3-9474-1A3956D46DE8}") = "NoPortables", "NoPortables", "{C50B751C-FD2D-4B2C-AB5A-D34274201B56}"
EndProject
Global
	GlobalSection(SolutionConfigurationPlatforms) = preSolution
		Ad-Hoc|Any CPU = Ad-Hoc|Any CPU
		Ad-Hoc|ARM = Ad-Hoc|ARM
		Ad-Hoc|iPhone = Ad-Hoc|iPhone
		Ad-Hoc|iPhoneSimulator = Ad-Hoc|iPhoneSimulator
		Ad-Hoc|x64 = Ad-Hoc|x64
		Ad-Hoc|x86 = Ad-Hoc|x86
		AppStore|Any CPU = AppStore|Any CPU
		AppStore|ARM = AppStore|ARM
		AppStore|iPhone = AppStore|iPhone
		AppStore|iPhoneSimulator = AppStore|iPhoneSimulator
		AppStore|x64 = AppStore|x64
		AppStore|x86 = AppStore|x86
		Debug|Any CPU = Debug|Any CPU
		Debug|ARM = Debug|ARM
		Debug|iPhone = Debug|iPhone
		Debug|iPhoneSimulator = Debug|iPhoneSimulator
		Debug|x64 = Debug|x64
		Debug|x86 = Debug|x86
		Release|Any CPU = Release|Any CPU
		Release|ARM = Release|ARM
		Release|iPhone = Release|iPhone
		Release|iPhoneSimulator = Release|iPhoneSimulator
		Release|x64 = Release|x64
		Release|x86 = Release|x86
	EndGlobalSection
	GlobalSection(ProjectConfigurationPlatforms) = postSolution
		{C441CEA6-4C1C-44AC-9A4F-A85F33A644E0}.Ad-Hoc|Any CPU.ActiveCfg = Debug|Any CPU
		{C441CEA6-4C1C-44AC-9A4F-A85F33A644E0}.Ad-Hoc|Any CPU.Build.0 = Debug|Any CPU
		{C441CEA6-4C1C-44AC-9A4F-A85F33A644E0}.Ad-Hoc|ARM.ActiveCfg = Debug|Any CPU
		{C441CEA6-4C1C-44AC-9A4F-A85F33A644E0}.Ad-Hoc|ARM.Build.0 = Debug|Any CPU
		{C441CEA6-4C1C-44AC-9A4F-A85F33A644E0}.Ad-Hoc|iPhone.ActiveCfg = Debug|Any CPU
		{C441CEA6-4C1C-44AC-9A4F-A85F33A644E0}.Ad-Hoc|iPhone.Build.0 = Debug|Any CPU
		{C441CEA6-4C1C-44AC-9A4F-A85F33A644E0}.Ad-Hoc|iPhoneSimulator.ActiveCfg = Debug|Any CPU
		{C441CEA6-4C1C-44AC-9A4F-A85F33A644E0}.Ad-Hoc|iPhoneSimulator.Build.0 = Debug|Any CPU
		{C441CEA6-4C1C-44AC-9A4F-A85F33A644E0}.Ad-Hoc|x64.ActiveCfg = Debug|Any CPU
		{C441CEA6-4C1C-44AC-9A4F-A85F33A644E0}.Ad-Hoc|x64.Build.0 = Debug|Any CPU
		{C441CEA6-4C1C-44AC-9A4F-A85F33A644E0}.Ad-Hoc|x86.ActiveCfg = Debug|Any CPU
		{C441CEA6-4C1C-44AC-9A4F-A85F33A644E0}.Ad-Hoc|x86.Build.0 = Debug|Any CPU
		{C441CEA6-4C1C-44AC-9A4F-A85F33A644E0}.AppStore|Any CPU.ActiveCfg = Debug|Any CPU
		{C441CEA6-4C1C-44AC-9A4F-A85F33A644E0}.AppStore|Any CPU.Build.0 = Debug|Any CPU
		{C441CEA6-4C1C-44AC-9A4F-A85F33A644E0}.AppStore|ARM.ActiveCfg = Debug|Any CPU
		{C441CEA6-4C1C-44AC-9A4F-A85F33A644E0}.AppStore|ARM.Build.0 = Debug|Any CPU
		{C441CEA6-4C1C-44AC-9A4F-A85F33A644E0}.AppStore|iPhone.ActiveCfg = Debug|Any CPU
		{C441CEA6-4C1C-44AC-9A4F-A85F33A644E0}.AppStore|iPhone.Build.0 = Debug|Any CPU
		{C441CEA6-4C1C-44AC-9A4F-A85F33A644E0}.AppStore|iPhoneSimulator.ActiveCfg = Debug|Any CPU
		{C441CEA6-4C1C-44AC-9A4F-A85F33A644E0}.AppStore|iPhoneSimulator.Build.0 = Debug|Any CPU
		{C441CEA6-4C1C-44AC-9A4F-A85F33A644E0}.AppStore|x64.ActiveCfg = Debug|Any CPU
		{C441CEA6-4C1C-44AC-9A4F-A85F33A644E0}.AppStore|x64.Build.0 = Debug|Any CPU
		{C441CEA6-4C1C-44AC-9A4F-A85F33A644E0}.AppStore|x86.ActiveCfg = Debug|Any CPU
		{C441CEA6-4C1C-44AC-9A4F-A85F33A644E0}.AppStore|x86.Build.0 = Debug|Any CPU
		{C441CEA6-4C1C-44AC-9A4F-A85F33A644E0}.Debug|Any CPU.ActiveCfg = Debug|Any CPU
		{C441CEA6-4C1C-44AC-9A4F-A85F33A644E0}.Debug|Any CPU.Build.0 = Debug|Any CPU
		{C441CEA6-4C1C-44AC-9A4F-A85F33A644E0}.Debug|ARM.ActiveCfg = Debug|Any CPU
		{C441CEA6-4C1C-44AC-9A4F-A85F33A644E0}.Debug|ARM.Build.0 = Debug|Any CPU
		{C441CEA6-4C1C-44AC-9A4F-A85F33A644E0}.Debug|iPhone.ActiveCfg = Debug|Any CPU
		{C441CEA6-4C1C-44AC-9A4F-A85F33A644E0}.Debug|iPhone.Build.0 = Debug|Any CPU
		{C441CEA6-4C1C-44AC-9A4F-A85F33A644E0}.Debug|iPhoneSimulator.ActiveCfg = Debug|Any CPU
		{C441CEA6-4C1C-44AC-9A4F-A85F33A644E0}.Debug|iPhoneSimulator.Build.0 = Debug|Any CPU
		{C441CEA6-4C1C-44AC-9A4F-A85F33A644E0}.Debug|x64.ActiveCfg = Debug|Any CPU
		{C441CEA6-4C1C-44AC-9A4F-A85F33A644E0}.Debug|x64.Build.0 = Debug|Any CPU
		{C441CEA6-4C1C-44AC-9A4F-A85F33A644E0}.Debug|x86.ActiveCfg = Debug|Any CPU
		{C441CEA6-4C1C-44AC-9A4F-A85F33A644E0}.Debug|x86.Build.0 = Debug|Any CPU
		{C441CEA6-4C1C-44AC-9A4F-A85F33A644E0}.Release|Any CPU.ActiveCfg = Release|Any CPU
		{C441CEA6-4C1C-44AC-9A4F-A85F33A644E0}.Release|Any CPU.Build.0 = Release|Any CPU
		{C441CEA6-4C1C-44AC-9A4F-A85F33A644E0}.Release|ARM.ActiveCfg = Release|Any CPU
		{C441CEA6-4C1C-44AC-9A4F-A85F33A644E0}.Release|ARM.Build.0 = Release|Any CPU
		{C441CEA6-4C1C-44AC-9A4F-A85F33A644E0}.Release|iPhone.ActiveCfg = Release|Any CPU
		{C441CEA6-4C1C-44AC-9A4F-A85F33A644E0}.Release|iPhone.Build.0 = Release|Any CPU
		{C441CEA6-4C1C-44AC-9A4F-A85F33A644E0}.Release|iPhoneSimulator.ActiveCfg = Release|Any CPU
		{C441CEA6-4C1C-44AC-9A4F-A85F33A644E0}.Release|iPhoneSimulator.Build.0 = Release|Any CPU
		{C441CEA6-4C1C-44AC-9A4F-A85F33A644E0}.Release|x64.ActiveCfg = Release|Any CPU
		{C441CEA6-4C1C-44AC-9A4F-A85F33A644E0}.Release|x64.Build.0 = Release|Any CPU
		{C441CEA6-4C1C-44AC-9A4F-A85F33A644E0}.Release|x86.ActiveCfg = Release|Any CPU
		{C441CEA6-4C1C-44AC-9A4F-A85F33A644E0}.Release|x86.Build.0 = Release|Any CPU
		{F3A77175-E0B9-4820-8322-EDEF06174089}.Ad-Hoc|Any CPU.ActiveCfg = Debug|Any CPU
		{F3A77175-E0B9-4820-8322-EDEF06174089}.Ad-Hoc|Any CPU.Build.0 = Debug|Any CPU
		{F3A77175-E0B9-4820-8322-EDEF06174089}.Ad-Hoc|ARM.ActiveCfg = Debug|Any CPU
		{F3A77175-E0B9-4820-8322-EDEF06174089}.Ad-Hoc|ARM.Build.0 = Debug|Any CPU
		{F3A77175-E0B9-4820-8322-EDEF06174089}.Ad-Hoc|iPhone.ActiveCfg = Debug|Any CPU
		{F3A77175-E0B9-4820-8322-EDEF06174089}.Ad-Hoc|iPhone.Build.0 = Debug|Any CPU
		{F3A77175-E0B9-4820-8322-EDEF06174089}.Ad-Hoc|iPhoneSimulator.ActiveCfg = Debug|Any CPU
		{F3A77175-E0B9-4820-8322-EDEF06174089}.Ad-Hoc|iPhoneSimulator.Build.0 = Debug|Any CPU
		{F3A77175-E0B9-4820-8322-EDEF06174089}.Ad-Hoc|x64.ActiveCfg = Debug|Any CPU
		{F3A77175-E0B9-4820-8322-EDEF06174089}.Ad-Hoc|x64.Build.0 = Debug|Any CPU
		{F3A77175-E0B9-4820-8322-EDEF06174089}.Ad-Hoc|x86.ActiveCfg = Debug|Any CPU
		{F3A77175-E0B9-4820-8322-EDEF06174089}.Ad-Hoc|x86.Build.0 = Debug|Any CPU
		{F3A77175-E0B9-4820-8322-EDEF06174089}.AppStore|Any CPU.ActiveCfg = Debug|Any CPU
		{F3A77175-E0B9-4820-8322-EDEF06174089}.AppStore|Any CPU.Build.0 = Debug|Any CPU
		{F3A77175-E0B9-4820-8322-EDEF06174089}.AppStore|ARM.ActiveCfg = Debug|Any CPU
		{F3A77175-E0B9-4820-8322-EDEF06174089}.AppStore|ARM.Build.0 = Debug|Any CPU
		{F3A77175-E0B9-4820-8322-EDEF06174089}.AppStore|iPhone.ActiveCfg = Debug|Any CPU
		{F3A77175-E0B9-4820-8322-EDEF06174089}.AppStore|iPhone.Build.0 = Debug|Any CPU
		{F3A77175-E0B9-4820-8322-EDEF06174089}.AppStore|iPhoneSimulator.ActiveCfg = Debug|Any CPU
		{F3A77175-E0B9-4820-8322-EDEF06174089}.AppStore|iPhoneSimulator.Build.0 = Debug|Any CPU
		{F3A77175-E0B9-4820-8322-EDEF06174089}.AppStore|x64.ActiveCfg = Debug|Any CPU
		{F3A77175-E0B9-4820-8322-EDEF06174089}.AppStore|x64.Build.0 = Debug|Any CPU
		{F3A77175-E0B9-4820-8322-EDEF06174089}.AppStore|x86.ActiveCfg = Debug|Any CPU
		{F3A77175-E0B9-4820-8322-EDEF06174089}.AppStore|x86.Build.0 = Debug|Any CPU
		{F3A77175-E0B9-4820-8322-EDEF06174089}.Debug|Any CPU.ActiveCfg = Debug|Any CPU
		{F3A77175-E0B9-4820-8322-EDEF06174089}.Debug|Any CPU.Build.0 = Debug|Any CPU
		{F3A77175-E0B9-4820-8322-EDEF06174089}.Debug|ARM.ActiveCfg = Debug|Any CPU
		{F3A77175-E0B9-4820-8322-EDEF06174089}.Debug|ARM.Build.0 = Debug|Any CPU
		{F3A77175-E0B9-4820-8322-EDEF06174089}.Debug|iPhone.ActiveCfg = Debug|Any CPU
		{F3A77175-E0B9-4820-8322-EDEF06174089}.Debug|iPhone.Build.0 = Debug|Any CPU
		{F3A77175-E0B9-4820-8322-EDEF06174089}.Debug|iPhoneSimulator.ActiveCfg = Debug|Any CPU
		{F3A77175-E0B9-4820-8322-EDEF06174089}.Debug|iPhoneSimulator.Build.0 = Debug|Any CPU
		{F3A77175-E0B9-4820-8322-EDEF06174089}.Debug|x64.ActiveCfg = Debug|Any CPU
		{F3A77175-E0B9-4820-8322-EDEF06174089}.Debug|x64.Build.0 = Debug|Any CPU
		{F3A77175-E0B9-4820-8322-EDEF06174089}.Debug|x86.ActiveCfg = Debug|Any CPU
		{F3A77175-E0B9-4820-8322-EDEF06174089}.Debug|x86.Build.0 = Debug|Any CPU
		{F3A77175-E0B9-4820-8322-EDEF06174089}.Release|Any CPU.ActiveCfg = Release|Any CPU
		{F3A77175-E0B9-4820-8322-EDEF06174089}.Release|Any CPU.Build.0 = Release|Any CPU
		{F3A77175-E0B9-4820-8322-EDEF06174089}.Release|ARM.ActiveCfg = Release|Any CPU
		{F3A77175-E0B9-4820-8322-EDEF06174089}.Release|ARM.Build.0 = Release|Any CPU
		{F3A77175-E0B9-4820-8322-EDEF06174089}.Release|iPhone.ActiveCfg = Release|Any CPU
		{F3A77175-E0B9-4820-8322-EDEF06174089}.Release|iPhone.Build.0 = Release|Any CPU
		{F3A77175-E0B9-4820-8322-EDEF06174089}.Release|iPhoneSimulator.ActiveCfg = Release|Any CPU
		{F3A77175-E0B9-4820-8322-EDEF06174089}.Release|iPhoneSimulator.Build.0 = Release|Any CPU
		{F3A77175-E0B9-4820-8322-EDEF06174089}.Release|x64.ActiveCfg = Release|Any CPU
		{F3A77175-E0B9-4820-8322-EDEF06174089}.Release|x64.Build.0 = Release|Any CPU
		{F3A77175-E0B9-4820-8322-EDEF06174089}.Release|x86.ActiveCfg = Release|Any CPU
		{F3A77175-E0B9-4820-8322-EDEF06174089}.Release|x86.Build.0 = Release|Any CPU
		{4F1820C7-4136-4B2E-9286-DEDD5099801F}.Ad-Hoc|Any CPU.ActiveCfg = Debug|Any CPU
		{4F1820C7-4136-4B2E-9286-DEDD5099801F}.Ad-Hoc|Any CPU.Build.0 = Debug|Any CPU
		{4F1820C7-4136-4B2E-9286-DEDD5099801F}.Ad-Hoc|ARM.ActiveCfg = Debug|Any CPU
		{4F1820C7-4136-4B2E-9286-DEDD5099801F}.Ad-Hoc|ARM.Build.0 = Debug|Any CPU
		{4F1820C7-4136-4B2E-9286-DEDD5099801F}.Ad-Hoc|iPhone.ActiveCfg = Debug|Any CPU
		{4F1820C7-4136-4B2E-9286-DEDD5099801F}.Ad-Hoc|iPhone.Build.0 = Debug|Any CPU
		{4F1820C7-4136-4B2E-9286-DEDD5099801F}.Ad-Hoc|iPhoneSimulator.ActiveCfg = Debug|Any CPU
		{4F1820C7-4136-4B2E-9286-DEDD5099801F}.Ad-Hoc|iPhoneSimulator.Build.0 = Debug|Any CPU
		{4F1820C7-4136-4B2E-9286-DEDD5099801F}.Ad-Hoc|x64.ActiveCfg = Debug|Any CPU
		{4F1820C7-4136-4B2E-9286-DEDD5099801F}.Ad-Hoc|x64.Build.0 = Debug|Any CPU
		{4F1820C7-4136-4B2E-9286-DEDD5099801F}.Ad-Hoc|x86.ActiveCfg = Debug|Any CPU
		{4F1820C7-4136-4B2E-9286-DEDD5099801F}.Ad-Hoc|x86.Build.0 = Debug|Any CPU
		{4F1820C7-4136-4B2E-9286-DEDD5099801F}.AppStore|Any CPU.ActiveCfg = Debug|Any CPU
		{4F1820C7-4136-4B2E-9286-DEDD5099801F}.AppStore|Any CPU.Build.0 = Debug|Any CPU
		{4F1820C7-4136-4B2E-9286-DEDD5099801F}.AppStore|ARM.ActiveCfg = Debug|Any CPU
		{4F1820C7-4136-4B2E-9286-DEDD5099801F}.AppStore|ARM.Build.0 = Debug|Any CPU
		{4F1820C7-4136-4B2E-9286-DEDD5099801F}.AppStore|iPhone.ActiveCfg = Debug|Any CPU
		{4F1820C7-4136-4B2E-9286-DEDD5099801F}.AppStore|iPhone.Build.0 = Debug|Any CPU
		{4F1820C7-4136-4B2E-9286-DEDD5099801F}.AppStore|iPhoneSimulator.ActiveCfg = Debug|Any CPU
		{4F1820C7-4136-4B2E-9286-DEDD5099801F}.AppStore|iPhoneSimulator.Build.0 = Debug|Any CPU
		{4F1820C7-4136-4B2E-9286-DEDD5099801F}.AppStore|x64.ActiveCfg = Debug|Any CPU
		{4F1820C7-4136-4B2E-9286-DEDD5099801F}.AppStore|x64.Build.0 = Debug|Any CPU
		{4F1820C7-4136-4B2E-9286-DEDD5099801F}.AppStore|x86.ActiveCfg = Debug|Any CPU
		{4F1820C7-4136-4B2E-9286-DEDD5099801F}.AppStore|x86.Build.0 = Debug|Any CPU
		{4F1820C7-4136-4B2E-9286-DEDD5099801F}.Debug|Any CPU.ActiveCfg = Debug|Any CPU
		{4F1820C7-4136-4B2E-9286-DEDD5099801F}.Debug|Any CPU.Build.0 = Debug|Any CPU
		{4F1820C7-4136-4B2E-9286-DEDD5099801F}.Debug|ARM.ActiveCfg = Debug|Any CPU
		{4F1820C7-4136-4B2E-9286-DEDD5099801F}.Debug|ARM.Build.0 = Debug|Any CPU
		{4F1820C7-4136-4B2E-9286-DEDD5099801F}.Debug|iPhone.ActiveCfg = Debug|Any CPU
		{4F1820C7-4136-4B2E-9286-DEDD5099801F}.Debug|iPhone.Build.0 = Debug|Any CPU
		{4F1820C7-4136-4B2E-9286-DEDD5099801F}.Debug|iPhoneSimulator.ActiveCfg = Debug|Any CPU
		{4F1820C7-4136-4B2E-9286-DEDD5099801F}.Debug|iPhoneSimulator.Build.0 = Debug|Any CPU
		{4F1820C7-4136-4B2E-9286-DEDD5099801F}.Debug|x64.ActiveCfg = Debug|Any CPU
		{4F1820C7-4136-4B2E-9286-DEDD5099801F}.Debug|x64.Build.0 = Debug|Any CPU
		{4F1820C7-4136-4B2E-9286-DEDD5099801F}.Debug|x86.ActiveCfg = Debug|Any CPU
		{4F1820C7-4136-4B2E-9286-DEDD5099801F}.Debug|x86.Build.0 = Debug|Any CPU
		{4F1820C7-4136-4B2E-9286-DEDD5099801F}.Release|Any CPU.ActiveCfg = Release|Any CPU
		{4F1820C7-4136-4B2E-9286-DEDD5099801F}.Release|Any CPU.Build.0 = Release|Any CPU
		{4F1820C7-4136-4B2E-9286-DEDD5099801F}.Release|ARM.ActiveCfg = Release|Any CPU
		{4F1820C7-4136-4B2E-9286-DEDD5099801F}.Release|ARM.Build.0 = Release|Any CPU
		{4F1820C7-4136-4B2E-9286-DEDD5099801F}.Release|iPhone.ActiveCfg = Release|Any CPU
		{4F1820C7-4136-4B2E-9286-DEDD5099801F}.Release|iPhone.Build.0 = Release|Any CPU
		{4F1820C7-4136-4B2E-9286-DEDD5099801F}.Release|iPhoneSimulator.ActiveCfg = Release|Any CPU
		{4F1820C7-4136-4B2E-9286-DEDD5099801F}.Release|iPhoneSimulator.Build.0 = Release|Any CPU
		{4F1820C7-4136-4B2E-9286-DEDD5099801F}.Release|x64.ActiveCfg = Release|Any CPU
		{4F1820C7-4136-4B2E-9286-DEDD5099801F}.Release|x64.Build.0 = Release|Any CPU
		{4F1820C7-4136-4B2E-9286-DEDD5099801F}.Release|x86.ActiveCfg = Release|Any CPU
		{4F1820C7-4136-4B2E-9286-DEDD5099801F}.Release|x86.Build.0 = Release|Any CPU
		{74D9269C-0641-4E29-87F4-F1DCCFC8C1DA}.Ad-Hoc|Any CPU.ActiveCfg = Release|Any CPU
		{74D9269C-0641-4E29-87F4-F1DCCFC8C1DA}.Ad-Hoc|Any CPU.Build.0 = Release|Any CPU
		{74D9269C-0641-4E29-87F4-F1DCCFC8C1DA}.Ad-Hoc|ARM.ActiveCfg = Release|Any CPU
		{74D9269C-0641-4E29-87F4-F1DCCFC8C1DA}.Ad-Hoc|ARM.Build.0 = Release|Any CPU
		{74D9269C-0641-4E29-87F4-F1DCCFC8C1DA}.Ad-Hoc|iPhone.ActiveCfg = Release|Any CPU
		{74D9269C-0641-4E29-87F4-F1DCCFC8C1DA}.Ad-Hoc|iPhone.Build.0 = Release|Any CPU
		{74D9269C-0641-4E29-87F4-F1DCCFC8C1DA}.Ad-Hoc|iPhoneSimulator.ActiveCfg = Release|Any CPU
		{74D9269C-0641-4E29-87F4-F1DCCFC8C1DA}.Ad-Hoc|iPhoneSimulator.Build.0 = Release|Any CPU
		{74D9269C-0641-4E29-87F4-F1DCCFC8C1DA}.Ad-Hoc|x64.ActiveCfg = Release|Any CPU
		{74D9269C-0641-4E29-87F4-F1DCCFC8C1DA}.Ad-Hoc|x64.Build.0 = Release|Any CPU
		{74D9269C-0641-4E29-87F4-F1DCCFC8C1DA}.Ad-Hoc|x86.ActiveCfg = Release|Any CPU
		{74D9269C-0641-4E29-87F4-F1DCCFC8C1DA}.Ad-Hoc|x86.Build.0 = Release|Any CPU
		{74D9269C-0641-4E29-87F4-F1DCCFC8C1DA}.AppStore|Any CPU.ActiveCfg = Release|Any CPU
		{74D9269C-0641-4E29-87F4-F1DCCFC8C1DA}.AppStore|Any CPU.Build.0 = Release|Any CPU
		{74D9269C-0641-4E29-87F4-F1DCCFC8C1DA}.AppStore|ARM.ActiveCfg = Release|Any CPU
		{74D9269C-0641-4E29-87F4-F1DCCFC8C1DA}.AppStore|ARM.Build.0 = Release|Any CPU
		{74D9269C-0641-4E29-87F4-F1DCCFC8C1DA}.AppStore|iPhone.ActiveCfg = Release|Any CPU
		{74D9269C-0641-4E29-87F4-F1DCCFC8C1DA}.AppStore|iPhone.Build.0 = Release|Any CPU
		{74D9269C-0641-4E29-87F4-F1DCCFC8C1DA}.AppStore|iPhoneSimulator.ActiveCfg = Release|Any CPU
		{74D9269C-0641-4E29-87F4-F1DCCFC8C1DA}.AppStore|iPhoneSimulator.Build.0 = Release|Any CPU
		{74D9269C-0641-4E29-87F4-F1DCCFC8C1DA}.AppStore|x64.ActiveCfg = Release|Any CPU
		{74D9269C-0641-4E29-87F4-F1DCCFC8C1DA}.AppStore|x64.Build.0 = Release|Any CPU
		{74D9269C-0641-4E29-87F4-F1DCCFC8C1DA}.AppStore|x86.ActiveCfg = Release|Any CPU
		{74D9269C-0641-4E29-87F4-F1DCCFC8C1DA}.AppStore|x86.Build.0 = Release|Any CPU
		{74D9269C-0641-4E29-87F4-F1DCCFC8C1DA}.Debug|Any CPU.ActiveCfg = Debug|Any CPU
		{74D9269C-0641-4E29-87F4-F1DCCFC8C1DA}.Debug|Any CPU.Build.0 = Debug|Any CPU
		{74D9269C-0641-4E29-87F4-F1DCCFC8C1DA}.Debug|ARM.ActiveCfg = Debug|Any CPU
		{74D9269C-0641-4E29-87F4-F1DCCFC8C1DA}.Debug|ARM.Build.0 = Debug|Any CPU
		{74D9269C-0641-4E29-87F4-F1DCCFC8C1DA}.Debug|iPhone.ActiveCfg = Debug|Any CPU
		{74D9269C-0641-4E29-87F4-F1DCCFC8C1DA}.Debug|iPhone.Build.0 = Debug|Any CPU
		{74D9269C-0641-4E29-87F4-F1DCCFC8C1DA}.Debug|iPhoneSimulator.ActiveCfg = Debug|Any CPU
		{74D9269C-0641-4E29-87F4-F1DCCFC8C1DA}.Debug|iPhoneSimulator.Build.0 = Debug|Any CPU
		{74D9269C-0641-4E29-87F4-F1DCCFC8C1DA}.Debug|x64.ActiveCfg = Debug|Any CPU
		{74D9269C-0641-4E29-87F4-F1DCCFC8C1DA}.Debug|x64.Build.0 = Debug|Any CPU
		{74D9269C-0641-4E29-87F4-F1DCCFC8C1DA}.Debug|x86.ActiveCfg = Debug|Any CPU
		{74D9269C-0641-4E29-87F4-F1DCCFC8C1DA}.Debug|x86.Build.0 = Debug|Any CPU
		{74D9269C-0641-4E29-87F4-F1DCCFC8C1DA}.Release|Any CPU.ActiveCfg = Release|Any CPU
		{74D9269C-0641-4E29-87F4-F1DCCFC8C1DA}.Release|Any CPU.Build.0 = Release|Any CPU
		{74D9269C-0641-4E29-87F4-F1DCCFC8C1DA}.Release|ARM.ActiveCfg = Release|Any CPU
		{74D9269C-0641-4E29-87F4-F1DCCFC8C1DA}.Release|ARM.Build.0 = Release|Any CPU
		{74D9269C-0641-4E29-87F4-F1DCCFC8C1DA}.Release|iPhone.ActiveCfg = Release|Any CPU
		{74D9269C-0641-4E29-87F4-F1DCCFC8C1DA}.Release|iPhone.Build.0 = Release|Any CPU
		{74D9269C-0641-4E29-87F4-F1DCCFC8C1DA}.Release|iPhoneSimulator.ActiveCfg = Release|Any CPU
		{74D9269C-0641-4E29-87F4-F1DCCFC8C1DA}.Release|iPhoneSimulator.Build.0 = Release|Any CPU
		{74D9269C-0641-4E29-87F4-F1DCCFC8C1DA}.Release|x64.ActiveCfg = Release|Any CPU
		{74D9269C-0641-4E29-87F4-F1DCCFC8C1DA}.Release|x64.Build.0 = Release|Any CPU
		{74D9269C-0641-4E29-87F4-F1DCCFC8C1DA}.Release|x86.ActiveCfg = Release|Any CPU
		{74D9269C-0641-4E29-87F4-F1DCCFC8C1DA}.Release|x86.Build.0 = Release|Any CPU
	EndGlobalSection
	GlobalSection(SolutionProperties) = preSolution
		HideSolutionNode = FALSE
	EndGlobalSection
	GlobalSection(NestedProjects) = preSolution
		{C441CEA6-4C1C-44AC-9A4F-A85F33A644E0} = {C50B751C-FD2D-4B2C-AB5A-D34274201B56}
		{F3A77175-E0B9-4820-8322-EDEF06174089} = {C50B751C-FD2D-4B2C-AB5A-D34274201B56}
		{4F1820C7-4136-4B2E-9286-DEDD5099801F} = {C50B751C-FD2D-4B2C-AB5A-D34274201B56}
		{74D9269C-0641-4E29-87F4-F1DCCFC8C1DA} = {3DBC9D89-F73C-46AB-963E-2F1FBCEA0DFC}
	EndGlobalSection
EndGlobal
